
Microsoft Visual Studio Solution File, Format Version 12.00
Project("{FAE04EC0-301F-11D3-BF4B-00C04F79EFBC}") = "ReactiveTest", "ReactiveTest\ReactiveTest.csproj", "{5BE639ED-4A91-47C6-BC37-3FA8BF1BDE88}"
EndProject
Project("{FAE04EC0-301F-11D3-BF4B-00C04F79EFBC}") = "EventExporter", "EventExporter\EventExporter.csproj", "{0CBC0059-7399-4F2D-8F47-CAA8D13D7D30}"
EndProject
Global
	GlobalSection(SolutionConfigurationPlatforms) = preSolution
		Debug|Any CPU = Debug|Any CPU
		Release|Any CPU = Release|Any CPU
	EndGlobalSection
	GlobalSection(ProjectConfigurationPlatforms) = postSolution
		{5BE639ED-4A91-47C6-BC37-3FA8BF1BDE88}.Debug|Any CPU.ActiveCfg = Debug|Any CPU
		{5BE639ED-4A91-47C6-BC37-3FA8BF1BDE88}.Debug|Any CPU.Build.0 = Debug|Any CPU
		{5BE639ED-4A91-47C6-BC37-3FA8BF1BDE88}.Release|Any CPU.ActiveCfg = Release|Any CPU
		{5BE639ED-4A91-47C6-BC37-3FA8BF1BDE88}.Release|Any CPU.Build.0 = Release|Any CPU
		{0CBC0059-7399-4F2D-8F47-CAA8D13D7D30}.Debug|Any CPU.ActiveCfg = Debug|Any CPU
		{0CBC0059-7399-4F2D-8F47-CAA8D13D7D30}.Debug|Any CPU.Build.0 = Debug|Any CPU
		{0CBC0059-7399-4F2D-8F47-CAA8D13D7D30}.Release|Any CPU.ActiveCfg = Release|Any CPU
		{0CBC0059-7399-4F2D-8F47-CAA8D13D7D30}.Release|Any CPU.Build.0 = Release|Any CPU
	EndGlobalSection
EndGlobal
